
Microsoft Visual Studio Solution File, Format Version 12.00
# Visual Studio Version 17
VisualStudioVersion = 17.5.002.0
MinimumVisualStudioVersion = 10.0.40219.1
Project("{9A19103F-16F7-4668-BE54-9A1E7A4F7556}") = "1z", "1z\1z.csproj", "{C57BF2BD-DD82-41E5-BEAE-3F7DD2314A2B}"
EndProject
Project("{9A19103F-16F7-4668-BE54-9A1E7A4F7556}") = "2z", "2z\2z.csproj", "{924BA88D-C750-412F-9AD8-B66F6FDEA48A}"
EndProject
Project("{9A19103F-16F7-4668-BE54-9A1E7A4F7556}") = "3z", "3z\3z.csproj", "{27BA86D3-2F38-47BB-887C-94F5CCB1FA08}"
EndProject
Global
	GlobalSection(SolutionConfigurationPlatforms) = preSolution
		Debug|Any CPU = Debug|Any CPU
		Release|Any CPU = Release|Any CPU
	EndGlobalSection
	GlobalSection(ProjectConfigurationPlatforms) = postSolution
		{C57BF2BD-DD82-41E5-BEAE-3F7DD2314A2B}.Debug|Any CPU.ActiveCfg = Debug|Any CPU
		{C57BF2BD-DD82-41E5-BEAE-3F7DD2314A2B}.Debug|Any CPU.Build.0 = Debug|Any CPU
		{C57BF2BD-DD82-41E5-BEAE-3F7DD2314A2B}.Release|Any CPU.ActiveCfg = Release|Any CPU
		{C57BF2BD-DD82-41E5-BEAE-3F7DD2314A2B}.Release|Any CPU.Build.0 = Release|Any CPU
		{924BA88D-C750-412F-9AD8-B66F6FDEA48A}.Debug|Any CPU.ActiveCfg = Debug|Any CPU
		{924BA88D-C750-412F-9AD8-B66F6FDEA48A}.Debug|Any CPU.Build.0 = Debug|Any CPU
		{924BA88D-C750-412F-9AD8-B66F6FDEA48A}.Release|Any CPU.ActiveCfg = Release|Any CPU
		{924BA88D-C750-412F-9AD8-B66F6FDEA48A}.Release|Any CPU.Build.0 = Release|Any CPU
		{27BA86D3-2F38-47BB-887C-94F5CCB1FA08}.Debug|Any CPU.ActiveCfg = Debug|Any CPU
		{27BA86D3-2F38-47BB-887C-94F5CCB1FA08}.Debug|Any CPU.Build.0 = Debug|Any CPU
		{27BA86D3-2F38-47BB-887C-94F5CCB1FA08}.Release|Any CPU.ActiveCfg = Release|Any CPU
		{27BA86D3-2F38-47BB-887C-94F5CCB1FA08}.Release|Any CPU.Build.0 = Release|Any CPU
	EndGlobalSection
	GlobalSection(SolutionProperties) = preSolution
		HideSolutionNode = FALSE
	EndGlobalSection
	GlobalSection(ExtensibilityGlobals) = postSolution
		SolutionGuid = {3A418DA1-FEDF-47D4-A185-36372126E6E7}
	EndGlobalSection
EndGlobal
